// !$*UTF8*$!
{
	archiveVersion = 1;
	classes = {
	};
	objectVersion = 56;
	objects = {

/* Begin PBXBuildFile section */
		1B7C81E82B25574400818CA8 /* SpotifyUIRemakeSwiftUIApp.swift in Sources */ = {isa = PBXBuildFile; fileRef = 1B7C81E72B25574400818CA8 /* SpotifyUIRemakeSwiftUIApp.swift */; };
		1B7C81EA2B25574400818CA8 /* SpotifyHomeView.swift in Sources */ = {isa = PBXBuildFile; fileRef = 1B7C81E92B25574400818CA8 /* SpotifyHomeView.swift */; };
		1B7C81EC2B25574600818CA8 /* Assets.xcassets in Resources */ = {isa = PBXBuildFile; fileRef = 1B7C81EB2B25574600818CA8 /* Assets.xcassets */; };
		1B7C81F02B25574600818CA8 /* Preview Assets.xcassets in Resources */ = {isa = PBXBuildFile; fileRef = 1B7C81EF2B25574600818CA8 /* Preview Assets.xcassets */; };
		1B7C81F72B25595000818CA8 /* SpotifyHomeViewModel.swift in Sources */ = {isa = PBXBuildFile; fileRef = 1B7C81F62B25595000818CA8 /* SpotifyHomeViewModel.swift */; };
		1B7C81FB2B2791E500818CA8 /* RecentlyListenedToCell.swift in Sources */ = {isa = PBXBuildFile; fileRef = 1B7C81FA2B2791E500818CA8 /* RecentlyListenedToCell.swift */; };
		1B7C81FD2B27B70700818CA8 /* RecentlyPlayedCells.swift in Sources */ = {isa = PBXBuildFile; fileRef = 1B7C81FC2B27B70700818CA8 /* RecentlyPlayedCells.swift */; };
		1B7C81FF2B27BA3F00818CA8 /* JumpBackInCell.swift in Sources */ = {isa = PBXBuildFile; fileRef = 1B7C81FE2B27BA3F00818CA8 /* JumpBackInCell.swift */; };
		1B7C82032B28D72D00818CA8 /* PodcastSectionCell.swift in Sources */ = {isa = PBXBuildFile; fileRef = 1B7C82022B28D72D00818CA8 /* PodcastSectionCell.swift */; };
		1B7C82052B28E3CF00818CA8 /* FavoriteArtistsCell.swift in Sources */ = {isa = PBXBuildFile; fileRef = 1B7C82042B28E3CF00818CA8 /* FavoriteArtistsCell.swift */; };
		1B7C82072B2A782900818CA8 /* BottomNavigationView.swift in Sources */ = {isa = PBXBuildFile; fileRef = 1B7C82062B2A782900818CA8 /* BottomNavigationView.swift */; };
/* End PBXBuildFile section */

/* Begin PBXFileReference section */
		1B7C81E42B25574400818CA8 /* SpotifyUIRemakeSwiftUI.app */ = {isa = PBXFileReference; explicitFileType = wrapper.application; includeInIndex = 0; path = SpotifyUIRemakeSwiftUI.app; sourceTree = BUILT_PRODUCTS_DIR; };
		1B7C81E72B25574400818CA8 /* SpotifyUIRemakeSwiftUIApp.swift */ = {isa = PBXFileReference; lastKnownFileType = sourcecode.swift; path = SpotifyUIRemakeSwiftUIApp.swift; sourceTree = "<group>"; };
		1B7C81E92B25574400818CA8 /* SpotifyHomeView.swift */ = {isa = PBXFileReference; lastKnownFileType = sourcecode.swift; path = SpotifyHomeView.swift; sourceTree = "<group>"; };
		1B7C81EB2B25574600818CA8 /* Assets.xcassets */ = {isa = PBXFileReference; lastKnownFileType = folder.assetcatalog; path = Assets.xcassets; sourceTree = "<group>"; };
		1B7C81ED2B25574600818CA8 /* SpotifyUIRemakeSwiftUI.entitlements */ = {isa = PBXFileReference; lastKnownFileType = text.plist.entitlements; path = SpotifyUIRemakeSwiftUI.entitlements; sourceTree = "<group>"; };
		1B7C81EF2B25574600818CA8 /* Preview Assets.xcassets */ = {isa = PBXFileReference; lastKnownFileType = folder.assetcatalog; path = "Preview Assets.xcassets"; sourceTree = "<group>"; };
		1B7C81F62B25595000818CA8 /* SpotifyHomeViewModel.swift */ = {isa = PBXFileReference; lastKnownFileType = sourcecode.swift; path = SpotifyHomeViewModel.swift; sourceTree = "<group>"; };
		1B7C81FA2B2791E500818CA8 /* RecentlyListenedToCell.swift */ = {isa = PBXFileReference; lastKnownFileType = sourcecode.swift; path = RecentlyListenedToCell.swift; sourceTree = "<group>"; };
		1B7C81FC2B27B70700818CA8 /* RecentlyPlayedCells.swift */ = {isa = PBXFileReference; lastKnownFileType = sourcecode.swift; path = RecentlyPlayedCells.swift; sourceTree = "<group>"; };
		1B7C81FE2B27BA3F00818CA8 /* JumpBackInCell.swift */ = {isa = PBXFileReference; lastKnownFileType = sourcecode.swift; path = JumpBackInCell.swift; sourceTree = "<group>"; };
		1B7C82022B28D72D00818CA8 /* PodcastSectionCell.swift */ = {isa = PBXFileReference; lastKnownFileType = sourcecode.swift; path = PodcastSectionCell.swift; sourceTree = "<group>"; };
		1B7C82042B28E3CF00818CA8 /* FavoriteArtistsCell.swift */ = {isa = PBXFileReference; lastKnownFileType = sourcecode.swift; path = FavoriteArtistsCell.swift; sourceTree = "<group>"; };
		1B7C82062B2A782900818CA8 /* BottomNavigationView.swift */ = {isa = PBXFileReference; lastKnownFileType = sourcecode.swift; path = BottomNavigationView.swift; sourceTree = "<group>"; };
/* End PBXFileReference section */

/* Begin PBXFrameworksBuildPhase section */
		1B7C81E12B25574400818CA8 /* Frameworks */ = {
			isa = PBXFrameworksBuildPhase;
			buildActionMask = 2147483647;
			files = (
			);
			runOnlyForDeploymentPostprocessing = 0;
		};
/* End PBXFrameworksBuildPhase section */

/* Begin PBXGroup section */
		1B7C81DB2B25574400818CA8 = {
			isa = PBXGroup;
			children = (
				1B7C81E62B25574400818CA8 /* SpotifyUIRemakeSwiftUI */,
				1B7C81E52B25574400818CA8 /* Products */,
			);
			sourceTree = "<group>";
		};
		1B7C81E52B25574400818CA8 /* Products */ = {
			isa = PBXGroup;
			children = (
				1B7C81E42B25574400818CA8 /* SpotifyUIRemakeSwiftUI.app */,
			);
			name = Products;
			sourceTree = "<group>";
		};
		1B7C81E62B25574400818CA8 /* SpotifyUIRemakeSwiftUI */ = {
			isa = PBXGroup;
			children = (
				1B7C81F82B2791C700818CA8 /* SpotifyHomeView */,
				1B7C81E72B25574400818CA8 /* SpotifyUIRemakeSwiftUIApp.swift */,
				1B7C81EB2B25574600818CA8 /* Assets.xcassets */,
				1B7C81ED2B25574600818CA8 /* SpotifyUIRemakeSwiftUI.entitlements */,
				1B7C81EE2B25574600818CA8 /* Preview Content */,
			);
			path = SpotifyUIRemakeSwiftUI;
			sourceTree = "<group>";
		};
		1B7C81EE2B25574600818CA8 /* Preview Content */ = {
			isa = PBXGroup;
			children = (
				1B7C81EF2B25574600818CA8 /* Preview Assets.xcassets */,
			);
			path = "Preview Content";
			sourceTree = "<group>";
		};
		1B7C81F82B2791C700818CA8 /* SpotifyHomeView */ = {
			isa = PBXGroup;
			children = (
				1B7C82012B28D23900818CA8 /* ViewModel */,
				1B7C82002B28D23000818CA8 /* View */,
				1B7C81F92B2791D300818CA8 /* Components */,
			);
			path = SpotifyHomeView;
			sourceTree = "<group>";
		};
		1B7C81F92B2791D300818CA8 /* Components */ = {
			isa = PBXGroup;
			children = (
				1B7C81FA2B2791E500818CA8 /* RecentlyListenedToCell.swift */,
				1B7C81FC2B27B70700818CA8 /* RecentlyPlayedCells.swift */,
				1B7C81FE2B27BA3F00818CA8 /* JumpBackInCell.swift */,
				1B7C82022B28D72D00818CA8 /* PodcastSectionCell.swift */,
				1B7C82042B28E3CF00818CA8 /* FavoriteArtistsCell.swift */,
				1B7C82062B2A782900818CA8 /* BottomNavigationView.swift */,
			);
			path = Components;
			sourceTree = "<group>";
		};
		1B7C82002B28D23000818CA8 /* View */ = {
			isa = PBXGroup;
			children = (
				1B7C81E92B25574400818CA8 /* SpotifyHomeView.swift */,
			);
			path = View;
			sourceTree = "<group>";
		};
		1B7C82012B28D23900818CA8 /* ViewModel */ = {
			isa = PBXGroup;
			children = (
				1B7C81F62B25595000818CA8 /* SpotifyHomeViewModel.swift */,
			);
			path = ViewModel;
			sourceTree = "<group>";
		};
/* End PBXGroup section */

/* Begin PBXNativeTarget section */
		1B7C81E32B25574400818CA8 /* SpotifyUIRemakeSwiftUI */ = {
			isa = PBXNativeTarget;
			buildConfigurationList = 1B7C81F32B25574600818CA8 /* Build configuration list for PBXNativeTarget "SpotifyUIRemakeSwiftUI" */;
			buildPhases = (
				1B7C81E02B25574400818CA8 /* Sources */,
				1B7C81E12B25574400818CA8 /* Frameworks */,
				1B7C81E22B25574400818CA8 /* Resources */,
			);
			buildRules = (
			);
			dependencies = (
			);
			name = SpotifyUIRemakeSwiftUI;
			productName = SpotifyUIRemakeSwiftUI;
			productReference = 1B7C81E42B25574400818CA8 /* SpotifyUIRemakeSwiftUI.app */;
			productType = "com.apple.product-type.application";
		};
/* End PBXNativeTarget section */

/* Begin PBXProject section */
		1B7C81DC2B25574400818CA8 /* Project object */ = {
			isa = PBXProject;
			attributes = {
				BuildIndependentTargetsInParallel = 1;
				LastSwiftUpdateCheck = 1500;
				LastUpgradeCheck = 1500;
				TargetAttributes = {
					1B7C81E32B25574400818CA8 = {
						CreatedOnToolsVersion = 15.0;
					};
				};
			};
			buildConfigurationList = 1B7C81DF2B25574400818CA8 /* Build configuration list for PBXProject "SpotifyUIRemakeSwiftUI" */;
			compatibilityVersion = "Xcode 14.0";
			developmentRegion = en;
			hasScannedForEncodings = 0;
			knownRegions = (
				en,
				Base,
			);
			mainGroup = 1B7C81DB2B25574400818CA8;
			productRefGroup = 1B7C81E52B25574400818CA8 /* Products */;
			projectDirPath = "";
			projectRoot = "";
			targets = (
				1B7C81E32B25574400818CA8 /* SpotifyUIRemakeSwiftUI */,
			);
		};
/* End PBXProject section */

/* Begin PBXResourcesBuildPhase section */
		1B7C81E22B25574400818CA8 /* Resources */ = {
			isa = PBXResourcesBuildPhase;
			buildActionMask = 2147483647;
			files = (
				1B7C81F02B25574600818CA8 /* Preview Assets.xcassets in Resources */,
				1B7C81EC2B25574600818CA8 /* Assets.xcassets in Resources */,
			);
			runOnlyForDeploymentPostprocessing = 0;
		};
/* End PBXResourcesBuildPhase section */

/* Begin PBXSourcesBuildPhase section */
		1B7C81E02B25574400818CA8 /* Sources */ = {
			isa = PBXSourcesBuildPhase;
			buildActionMask = 2147483647;
			files = (
				1B7C81FB2B2791E500818CA8 /* RecentlyListenedToCell.swift in Sources */,
				1B7C81F72B25595000818CA8 /* SpotifyHomeViewModel.swift in Sources */,
				1B7C81EA2B25574400818CA8 /* SpotifyHomeView.swift in Sources */,
				1B7C81FD2B27B70700818CA8 /* RecentlyPlayedCells.swift in Sources */,
				1B7C82032B28D72D00818CA8 /* PodcastSectionCell.swift in Sources */,
				1B7C81E82B25574400818CA8 /* SpotifyUIRemakeSwiftUIApp.swift in Sources */,
				1B7C82052B28E3CF00818CA8 /* FavoriteArtistsCell.swift in Sources */,
				1B7C81FF2B27BA3F00818CA8 /* JumpBackInCell.swift in Sources */,
				1B7C82072B2A782900818CA8 /* BottomNavigationView.swift in Sources */,
			);
			runOnlyForDeploymentPostprocessing = 0;
		};
/* End PBXSourcesBuildPhase section */

/* Begin XCBuildConfiguration section */
		1B7C81F12B25574600818CA8 /* Debug */ = {
			isa = XCBuildConfiguration;
			buildSettings = {
				ALWAYS_SEARCH_USER_PATHS = NO;
				ASSETCATALOG_COMPILER_GENERATE_SWIFT_ASSET_SYMBOL_EXTENSIONS = YES;
				CLANG_ANALYZER_NONNULL = YES;
				CLANG_ANALYZER_NUMBER_OBJECT_CONVERSION = YES_AGGRESSIVE;
				CLANG_CXX_LANGUAGE_STANDARD = "gnu++20";
				CLANG_ENABLE_MODULES = YES;
				CLANG_ENABLE_OBJC_ARC = YES;
				CLANG_ENABLE_OBJC_WEAK = YES;
				CLANG_WARN_BLOCK_CAPTURE_AUTORELEASING = YES;
				CLANG_WARN_BOOL_CONVERSION = YES;
				CLANG_WARN_COMMA = YES;
				CLANG_WARN_CONSTANT_CONVERSION = YES;
				CLANG_WARN_DEPRECATED_OBJC_IMPLEMENTATIONS = YES;
				CLANG_WARN_DIRECT_OBJC_ISA_USAGE = YES_ERROR;
				CLANG_WARN_DOCUMENTATION_COMMENTS = YES;
				CLANG_WARN_EMPTY_BODY = YES;
				CLANG_WARN_ENUM_CONVERSION = YES;
				CLANG_WARN_INFINITE_RECURSION = YES;
				CLANG_WARN_INT_CONVERSION = YES;
				CLANG_WARN_NON_LITERAL_NULL_CONVERSION = YES;
				CLANG_WARN_OBJC_IMPLICIT_RETAIN_SELF = YES;
				CLANG_WARN_OBJC_LITERAL_CONVERSION = YES;
				CLANG_WARN_OBJC_ROOT_CLASS = YES_ERROR;
				CLANG_WARN_QUOTED_INCLUDE_IN_FRAMEWORK_HEADER = YES;
				CLANG_WARN_RANGE_LOOP_ANALYSIS = YES;
				CLANG_WARN_STRICT_PROTOTYPES = YES;
				CLANG_WARN_SUSPICIOUS_MOVE = YES;
				CLANG_WARN_UNGUARDED_AVAILABILITY = YES_AGGRESSIVE;
				CLANG_WARN_UNREACHABLE_CODE = YES;
				CLANG_WARN__DUPLICATE_METHOD_MATCH = YES;
				COPY_PHASE_STRIP = NO;
				DEBUG_INFORMATION_FORMAT = dwarf;
				ENABLE_STRICT_OBJC_MSGSEND = YES;
				ENABLE_TESTABILITY = YES;
				ENABLE_USER_SCRIPT_SANDBOXING = YES;
				GCC_C_LANGUAGE_STANDARD = gnu17;
				GCC_DYNAMIC_NO_PIC = NO;
				GCC_NO_COMMON_BLOCKS = YES;
				GCC_OPTIMIZATION_LEVEL = 0;
				GCC_PREPROCESSOR_DEFINITIONS = (
					"DEBUG=1",
					"$(inherited)",
				);
				GCC_WARN_64_TO_32_BIT_CONVERSION = YES;
				GCC_WARN_ABOUT_RETURN_TYPE = YES_ERROR;
				GCC_WARN_UNDECLARED_SELECTOR = YES;
				GCC_WARN_UNINITIALIZED_AUTOS = YES_AGGRESSIVE;
				GCC_WARN_UNUSED_FUNCTION = YES;
				GCC_WARN_UNUSED_VARIABLE = YES;
				LOCALIZATION_PREFERS_STRING_CATALOGS = YES;
				MTL_ENABLE_DEBUG_INFO = INCLUDE_SOURCE;
				MTL_FAST_MATH = YES;
				ONLY_ACTIVE_ARCH = YES;
				SWIFT_ACTIVE_COMPILATION_CONDITIONS = "DEBUG $(inherited)";
				SWIFT_OPTIMIZATION_LEVEL = "-Onone";
			};
			name = Debug;
		};
		1B7C81F22B25574600818CA8 /* Release */ = {
			isa = XCBuildConfiguration;
			buildSettings = {
				ALWAYS_SEARCH_USER_PATHS = NO;
				ASSETCATALOG_COMPILER_GENERATE_SWIFT_ASSET_SYMBOL_EXTENSIONS = YES;
				CLANG_ANALYZER_NONNULL = YES;
				CLANG_ANALYZER_NUMBER_OBJECT_CONVERSION = YES_AGGRESSIVE;
				CLANG_CXX_LANGUAGE_STANDARD = "gnu++20";
				CLANG_ENABLE_MODULES = YES;
				CLANG_ENABLE_OBJC_ARC = YES;
				CLANG_ENABLE_OBJC_WEAK = YES;
				CLANG_WARN_BLOCK_CAPTURE_AUTORELEASING = YES;
				CLANG_WARN_BOOL_CONVERSION = YES;
				CLANG_WARN_COMMA = YES;
				CLANG_WARN_CONSTANT_CONVERSION = YES;
				CLANG_WARN_DEPRECATED_OBJC_IMPLEMENTATIONS = YES;
				CLANG_WARN_DIRECT_OBJC_ISA_USAGE = YES_ERROR;
				CLANG_WARN_DOCUMENTATION_COMMENTS = YES;
				CLANG_WARN_EMPTY_BODY = YES;
				CLANG_WARN_ENUM_CONVERSION = YES;
				CLANG_WARN_INFINITE_RECURSION = YES;
				CLANG_WARN_INT_CONVERSION = YES;
				CLANG_WARN_NON_LITERAL_NULL_CONVERSION = YES;
				CLANG_WARN_OBJC_IMPLICIT_RETAIN_SELF = YES;
				CLANG_WARN_OBJC_LITERAL_CONVERSION = YES;
				CLANG_WARN_OBJC_ROOT_CLASS = YES_ERROR;
				CLANG_WARN_QUOTED_INCLUDE_IN_FRAMEWORK_HEADER = YES;
				CLANG_WARN_RANGE_LOOP_ANALYSIS = YES;
				CLANG_WARN_STRICT_PROTOTYPES = YES;
				CLANG_WARN_SUSPICIOUS_MOVE = YES;
				CLANG_WARN_UNGUARDED_AVAILABILITY = YES_AGGRESSIVE;
				CLANG_WARN_UNREACHABLE_CODE = YES;
				CLANG_WARN__DUPLICATE_METHOD_MATCH = YES;
				COPY_PHASE_STRIP = NO;
				DEBUG_INFORMATION_FORMAT = "dwarf-with-dsym";
				ENABLE_NS_ASSERTIONS = NO;
				ENABLE_STRICT_OBJC_MSGSEND = YES;
				ENABLE_USER_SCRIPT_SANDBOXING = YES;
				GCC_C_LANGUAGE_STANDARD = gnu17;
				GCC_NO_COMMON_BLOCKS = YES;
				GCC_WARN_64_TO_32_BIT_CONVERSION = YES;
				GCC_WARN_ABOUT_RETURN_TYPE = YES_ERROR;
				GCC_WARN_UNDECLARED_SELECTOR = YES;
				GCC_WARN_UNINITIALIZED_AUTOS = YES_AGGRESSIVE;
				GCC_WARN_UNUSED_FUNCTION = YES;
				GCC_WARN_UNUSED_VARIABLE = YES;
				LOCALIZATION_PREFERS_STRING_CATALOGS = YES;
				MTL_ENABLE_DEBUG_INFO = NO;
				MTL_FAST_MATH = YES;
				SWIFT_COMPILATION_MODE = wholemodule;
			};
			name = Release;
		};
		1B7C81F42B25574600818CA8 /* Debug */ = {
			isa = XCBuildConfiguration;
			buildSettings = {
				ASSETCATALOG_COMPILER_APPICON_NAME = AppIcon;
				ASSETCATALOG_COMPILER_GLOBAL_ACCENT_COLOR_NAME = AccentColor;
				CODE_SIGN_ENTITLEMENTS = SpotifyUIRemakeSwiftUI/SpotifyUIRemakeSwiftUI.entitlements;
				CODE_SIGN_STYLE = Automatic;
				CURRENT_PROJECT_VERSION = 1;
				DEVELOPMENT_ASSET_PATHS = "\"SpotifyUIRemakeSwiftUI/Preview Content\"";
				DEVELOPMENT_TEAM = QDM5JWF95B;
				ENABLE_HARDENED_RUNTIME = YES;
				ENABLE_PREVIEWS = YES;
				GENERATE_INFOPLIST_FILE = YES;
				"INFOPLIST_KEY_UIApplicationSceneManifest_Generation[sdk=iphoneos*]" = YES;
				"INFOPLIST_KEY_UIApplicationSceneManifest_Generation[sdk=iphonesimulator*]" = YES;
				"INFOPLIST_KEY_UIApplicationSupportsIndirectInputEvents[sdk=iphoneos*]" = YES;
				"INFOPLIST_KEY_UIApplicationSupportsIndirectInputEvents[sdk=iphonesimulator*]" = YES;
				"INFOPLIST_KEY_UILaunchScreen_Generation[sdk=iphoneos*]" = YES;
				"INFOPLIST_KEY_UILaunchScreen_Generation[sdk=iphonesimulator*]" = YES;
				"INFOPLIST_KEY_UIStatusBarStyle[sdk=iphoneos*]" = UIStatusBarStyleDefault;
				"INFOPLIST_KEY_UIStatusBarStyle[sdk=iphonesimulator*]" = UIStatusBarStyleDefault;
				INFOPLIST_KEY_UISupportedInterfaceOrientations_iPad = "UIInterfaceOrientationPortrait UIInterfaceOrientationPortraitUpsideDown UIInterfaceOrientationLandscapeLeft UIInterfaceOrientationLandscapeRight";
				INFOPLIST_KEY_UISupportedInterfaceOrientations_iPhone = "UIInterfaceOrientationPortrait UIInterfaceOrientationLandscapeLeft UIInterfaceOrientationLandscapeRight";
				IPHONEOS_DEPLOYMENT_TARGET = 15.0;
				LD_RUNPATH_SEARCH_PATHS = "@executable_path/Frameworks";
				"LD_RUNPATH_SEARCH_PATHS[sdk=macosx*]" = "@executable_path/../Frameworks";
				MACOSX_DEPLOYMENT_TARGET = 14.0;
				MARKETING_VERSION = 1.0;
				PRODUCT_BUNDLE_IDENTIFIER = com.delstunmccray.SpotifyUIRemakeSwiftUI;
				PRODUCT_NAME = "$(TARGET_NAME)";
				SDKROOT = auto;
				SUPPORTED_PLATFORMS = "iphoneos iphonesimulator macosx";
				SWIFT_EMIT_LOC_STRINGS = YES;
				SWIFT_VERSION = 5.0;
				TARGETED_DEVICE_FAMILY = "1,2";
			};
			name = Debug;
		};
		1B7C81F52B25574600818CA8 /* Release */ = {
			isa = XCBuildConfiguration;
			buildSettings = {
				ASSETCATALOG_COMPILER_APPICON_NAME = AppIcon;
				ASSETCATALOG_COMPILER_GLOBAL_ACCENT_COLOR_NAME = AccentColor;
				CODE_SIGN_ENTITLEMENTS = SpotifyUIRemakeSwiftUI/SpotifyUIRemakeSwiftUI.entitlements;
				CODE_SIGN_STYLE = Automatic;
				CURRENT_PROJECT_VERSION = 1;
				DEVELOPMENT_ASSET_PATHS = "\"SpotifyUIRemakeSwiftUI/Preview Content\"";
				DEVELOPMENT_TEAM = QDM5JWF95B;
				ENABLE_HARDENED_RUNTIME = YES;
				ENABLE_PREVIEWS = YES;
				GENERATE_INFOPLIST_FILE = YES;
				"INFOPLIST_KEY_UIApplicationSceneManifest_Generation[sdk=iphoneos*]" = YES;
				"INFOPLIST_KEY_UIApplicationSceneManifest_Generation[sdk=iphonesimulator*]" = YES;
				"INFOPLIST_KEY_UIApplicationSupportsIndirectInputEvents[sdk=iphoneos*]" = YES;
				"INFOPLIST_KEY_UIApplicationSupportsIndirectInputEvents[sdk=iphonesimulator*]" = YES;
				"INFOPLIST_KEY_UILaunchScreen_Generation[sdk=iphoneos*]" = YES;
				"INFOPLIST_KEY_UILaunchScreen_Generation[sdk=iphonesimulator*]" = YES;
				"INFOPLIST_KEY_UIStatusBarStyle[sdk=iphoneos*]" = UIStatusBarStyleDefault;
				"INFOPLIST_KEY_UIStatusBarStyle[sdk=iphonesimulator*]" = UIStatusBarStyleDefault;
				INFOPLIST_KEY_UISupportedInterfaceOrientations_iPad = "UIInterfaceOrientationPortrait UIInterfaceOrientationPortraitUpsideDown UIInterfaceOrientationLandscapeLeft UIInterfaceOrientationLandscapeRight";
				INFOPLIST_KEY_UISupportedInterfaceOrientations_iPhone = "UIInterfaceOrientationPortrait UIInterfaceOrientationLandscapeLeft UIInterfaceOrientationLandscapeRight";
				IPHONEOS_DEPLOYMENT_TARGET = 15.0;
				LD_RUNPATH_SEARCH_PATHS = "@executable_path/Frameworks";
				"LD_RUNPATH_SEARCH_PATHS[sdk=macosx*]" = "@executable_path/../Frameworks";
				MACOSX_DEPLOYMENT_TARGET = 14.0;
				MARKETING_VERSION = 1.0;
				PRODUCT_BUNDLE_IDENTIFIER = com.delstunmccray.SpotifyUIRemakeSwiftUI;
				PRODUCT_NAME = "$(TARGET_NAME)";
				SDKROOT = auto;
				SUPPORTED_PLATFORMS = "iphoneos iphonesimulator macosx";
				SWIFT_EMIT_LOC_STRINGS = YES;
				SWIFT_VERSION = 5.0;
				TARGETED_DEVICE_FAMILY = "1,2";
			};
			name = Release;
		};
/* End XCBuildConfiguration section */

/* Begin XCConfigurationList section */
		1B7C81DF2B25574400818CA8 /* Build configuration list for PBXProject "SpotifyUIRemakeSwiftUI" */ = {
			isa = XCConfigurationList;
			buildConfigurations = (
				1B7C81F12B25574600818CA8 /* Debug */,
				1B7C81F22B25574600818CA8 /* Release */,
			);
			defaultConfigurationIsVisible = 0;
			defaultConfigurationName = Release;
		};
		1B7C81F32B25574600818CA8 /* Build configuration list for PBXNativeTarget "SpotifyUIRemakeSwiftUI" */ = {
			isa = XCConfigurationList;
			buildConfigurations = (
				1B7C81F42B25574600818CA8 /* Debug */,
				1B7C81F52B25574600818CA8 /* Release */,
			);
			defaultConfigurationIsVisible = 0;
			defaultConfigurationName = Release;
		};
/* End XCConfigurationList section */
	};
	rootObject = 1B7C81DC2B25574400818CA8 /* Project object */;
}
